github.com/go-chi/chi/v5 v5.0.10 h1:rLz5avzKpjqxrYwXNfmjkrYYXOyLJd37pz53UFHC6vk=
github.com/go-chi/chi/v5 v5.0.10/go.mod h1:DslCQbL2OYiznFReuXYUmQ2hGd1aDpCnlMNITLSKoi8=
github.com/lib/pq v1.10.9 h1:YXG7RB+JIjhP29X+OtkiDnYaXQwpS4JEWq7dtCCRUEw=
github.com/lib/pq v1.10.9/go.mod h1:AlVN5x4E4T544tWzH6hKfbfQvm3HdbOxrmggDNAPY9o=
github.com/roblaszczak/go-cleanarch v1.2.1 h1:WuUA3Ppbwl0YqpmidbVLUCDMNqZAulxbU89f9th1/OM=
github.com/roblaszczak/go-cleanarch v1.2.1/go.mod h1:CDqOfAcGTuSGADdFhIyF+TEgvQ/kEYhf3I+A1Ib+i5U=
